
Microsoft Visual Studio Solution File, Format Version 12.00
# Visual Studio Version 17
VisualStudioVersion = 17.3.32825.248
MinimumVisualStudioVersion = 10.0.40219.1
Project("{FAE04EC0-301F-11D3-BF4B-00C04F79EFBC}") = "projLista2", "projLista2\projLista2.csproj", "{94E54229-2A82-4873-9913-32BED47B9D15}"
EndProject
Global
	GlobalSection(SolutionConfigurationPlatforms) = preSolution
		Debug|Any CPU = Debug|Any CPU
		Release|Any CPU = Release|Any CPU
	EndGlobalSection
	GlobalSection(ProjectConfigurationPlatforms) = postSolution
		{94E54229-2A82-4873-9913-32BED47B9D15}.Debug|Any CPU.ActiveCfg = Debug|Any CPU
		{94E54229-2A82-4873-9913-32BED47B9D15}.Debug|Any CPU.Build.0 = Debug|Any CPU
		{94E54229-2A82-4873-9913-32BED47B9D15}.Release|Any CPU.ActiveCfg = Release|Any CPU
		{94E54229-2A82-4873-9913-32BED47B9D15}.Release|Any CPU.Build.0 = Release|Any CPU
	EndGlobalSection
	GlobalSection(SolutionProperties) = preSolution
		HideSolutionNode = FALSE
	EndGlobalSection
	GlobalSection(ExtensibilityGlobals) = postSolution
		SolutionGuid = {E61CD715-DF80-4D16-A899-68619568D486}
	EndGlobalSection
EndGlobal
