
Microsoft Visual Studio Solution File, Format Version 12.00
# Visual Studio Version 17
VisualStudioVersion = 17.3.32825.248
MinimumVisualStudioVersion = 10.0.40219.1
Project("{FAE04EC0-301F-11D3-BF4B-00C04F79EFBC}") = "projListaBind", "projListaBind\projListaBind.csproj", "{5C009918-60C0-4D2F-BB12-23009EA305BC}"
EndProject
Global
	GlobalSection(SolutionConfigurationPlatforms) = preSolution
		Debug|Any CPU = Debug|Any CPU
		Release|Any CPU = Release|Any CPU
	EndGlobalSection
	GlobalSection(ProjectConfigurationPlatforms) = postSolution
		{5C009918-60C0-4D2F-BB12-23009EA305BC}.Debug|Any CPU.ActiveCfg = Debug|Any CPU
		{5C009918-60C0-4D2F-BB12-23009EA305BC}.Debug|Any CPU.Build.0 = Debug|Any CPU
		{5C009918-60C0-4D2F-BB12-23009EA305BC}.Release|Any CPU.ActiveCfg = Release|Any CPU
		{5C009918-60C0-4D2F-BB12-23009EA305BC}.Release|Any CPU.Build.0 = Release|Any CPU
	EndGlobalSection
	GlobalSection(SolutionProperties) = preSolution
		HideSolutionNode = FALSE
	EndGlobalSection
	GlobalSection(ExtensibilityGlobals) = postSolution
		SolutionGuid = {AF9E771D-4774-43AB-83FD-7A6DCD18FA7B}
	EndGlobalSection
EndGlobal
